
Microsoft Visual Studio Solution File, Format Version 12.00
# Visual Studio Version 16
VisualStudioVersion = 16.0.30114.105
MinimumVisualStudioVersion = 10.0.40219.1
Project("{FAE04EC0-301F-11D3-BF4B-00C04F79EFBC}") = "API", "API\API.csproj", "{DD01E112-A369-4094-BD5F-630797113C04}"
EndProject
Project("{FAE04EC0-301F-11D3-BF4B-00C04F79EFBC}") = "Application", "Application\Application.csproj", "{EB9B10E2-A3EE-4549-B4CB-C2769CF5849D}"
EndProject
Project("{FAE04EC0-301F-11D3-BF4B-00C04F79EFBC}") = "Data", "Data\Data.csproj", "{CEB9213E-035C-410D-9A56-513FD7580575}"
EndProject
Project("{FAE04EC0-301F-11D3-BF4B-00C04F79EFBC}") = "Entities", "Entities\Entities.csproj", "{F99F2AF1-81A4-459E-9280-939A41712D9D}"
EndProject
Project("{FAE04EC0-301F-11D3-BF4B-00C04F79EFBC}") = "WMService.Tests", "WMService.Tests\WMService.Tests.csproj", "{727F2FEA-9112-487F-9CB4-45FF330628AB}"
EndProject
Global
	GlobalSection(SolutionConfigurationPlatforms) = preSolution
		Debug|Any CPU = Debug|Any CPU
		Release|Any CPU = Release|Any CPU
	EndGlobalSection
	GlobalSection(SolutionProperties) = preSolution
		HideSolutionNode = FALSE
	EndGlobalSection
	GlobalSection(ProjectConfigurationPlatforms) = postSolution
		{DD01E112-A369-4094-BD5F-630797113C04}.Debug|Any CPU.ActiveCfg = Debug|Any CPU
		{DD01E112-A369-4094-BD5F-630797113C04}.Debug|Any CPU.Build.0 = Debug|Any CPU
		{DD01E112-A369-4094-BD5F-630797113C04}.Release|Any CPU.ActiveCfg = Release|Any CPU
		{DD01E112-A369-4094-BD5F-630797113C04}.Release|Any CPU.Build.0 = Release|Any CPU
		{EB9B10E2-A3EE-4549-B4CB-C2769CF5849D}.Debug|Any CPU.ActiveCfg = Debug|Any CPU
		{EB9B10E2-A3EE-4549-B4CB-C2769CF5849D}.Debug|Any CPU.Build.0 = Debug|Any CPU
		{EB9B10E2-A3EE-4549-B4CB-C2769CF5849D}.Release|Any CPU.ActiveCfg = Release|Any CPU
		{EB9B10E2-A3EE-4549-B4CB-C2769CF5849D}.Release|Any CPU.Build.0 = Release|Any CPU
		{CEB9213E-035C-410D-9A56-513FD7580575}.Debug|Any CPU.ActiveCfg = Debug|Any CPU
		{CEB9213E-035C-410D-9A56-513FD7580575}.Debug|Any CPU.Build.0 = Debug|Any CPU
		{CEB9213E-035C-410D-9A56-513FD7580575}.Release|Any CPU.ActiveCfg = Release|Any CPU
		{CEB9213E-035C-410D-9A56-513FD7580575}.Release|Any CPU.Build.0 = Release|Any CPU
		{F99F2AF1-81A4-459E-9280-939A41712D9D}.Debug|Any CPU.ActiveCfg = Debug|Any CPU
		{F99F2AF1-81A4-459E-9280-939A41712D9D}.Debug|Any CPU.Build.0 = Debug|Any CPU
		{F99F2AF1-81A4-459E-9280-939A41712D9D}.Release|Any CPU.ActiveCfg = Release|Any CPU
		{F99F2AF1-81A4-459E-9280-939A41712D9D}.Release|Any CPU.Build.0 = Release|Any CPU
		{CC0F35A8-9799-4E54-8596-EF65EFB5CF7B}.Debug|Any CPU.ActiveCfg = Debug|Any CPU
		{CC0F35A8-9799-4E54-8596-EF65EFB5CF7B}.Debug|Any CPU.Build.0 = Debug|Any CPU
		{CC0F35A8-9799-4E54-8596-EF65EFB5CF7B}.Release|Any CPU.ActiveCfg = Release|Any CPU
		{CC0F35A8-9799-4E54-8596-EF65EFB5CF7B}.Release|Any CPU.Build.0 = Release|Any CPU
		{06A34710-CBE4-4BC3-8ED1-667482D866C6}.Debug|Any CPU.ActiveCfg = Debug|Any CPU
		{06A34710-CBE4-4BC3-8ED1-667482D866C6}.Debug|Any CPU.Build.0 = Debug|Any CPU
		{06A34710-CBE4-4BC3-8ED1-667482D866C6}.Release|Any CPU.ActiveCfg = Release|Any CPU
		{06A34710-CBE4-4BC3-8ED1-667482D866C6}.Release|Any CPU.Build.0 = Release|Any CPU
		{727F2FEA-9112-487F-9CB4-45FF330628AB}.Debug|Any CPU.ActiveCfg = Debug|Any CPU
		{727F2FEA-9112-487F-9CB4-45FF330628AB}.Debug|Any CPU.Build.0 = Debug|Any CPU
		{727F2FEA-9112-487F-9CB4-45FF330628AB}.Release|Any CPU.ActiveCfg = Release|Any CPU
		{727F2FEA-9112-487F-9CB4-45FF330628AB}.Release|Any CPU.Build.0 = Release|Any CPU
	EndGlobalSection
EndGlobal
